// !$*UTF8*$!
{
	archiveVersion = 1;
	classes = {
	};
	objectVersion = 46;
	objects = {

/* Begin PBXBuildFile section */
		FB53C55A1DF9895D004A4965 /* AppDelegate.swift in Sources */ = {isa = PBXBuildFile; fileRef = FB53C5591DF9895D004A4965 /* AppDelegate.swift */; };
		FB53C55C1DF9895D004A4965 /* ViewController.swift in Sources */ = {isa = PBXBuildFile; fileRef = FB53C55B1DF9895D004A4965 /* ViewController.swift */; };
		FB53C55F1DF9895D004A4965 /* Main.storyboard in Resources */ = {isa = PBXBuildFile; fileRef = FB53C55D1DF9895D004A4965 /* Main.storyboard */; };
		FB53C5611DF9895D004A4965 /* Assets.xcassets in Resources */ = {isa = PBXBuildFile; fileRef = FB53C5601DF9895D004A4965 /* Assets.xcassets */; };
		FB53C5641DF9895D004A4965 /* LaunchScreen.storyboard in Resources */ = {isa = PBXBuildFile; fileRef = FB53C5621DF9895D004A4965 /* LaunchScreen.storyboard */; };
		FB53C56F1DF9895D004A4965 /* VirtualTouristTests.swift in Sources */ = {isa = PBXBuildFile; fileRef = FB53C56E1DF9895D004A4965 /* VirtualTouristTests.swift */; };
		FB53C57A1DF9895D004A4965 /* VirtualTouristUITests.swift in Sources */ = {isa = PBXBuildFile; fileRef = FB53C5791DF9895D004A4965 /* VirtualTouristUITests.swift */; };
		FB53C58C1DF98A6B004A4965 /* CoreDataStack.swift in Sources */ = {isa = PBXBuildFile; fileRef = FB53C58B1DF98A6B004A4965 /* CoreDataStack.swift */; };
/* End PBXBuildFile section */

/* Begin PBXContainerItemProxy section */
		FB53C56B1DF9895D004A4965 /* PBXContainerItemProxy */ = {
			isa = PBXContainerItemProxy;
			containerPortal = FB53C54E1DF9895D004A4965 /* Project object */;
			proxyType = 1;
			remoteGlobalIDString = FB53C5551DF9895D004A4965;
			remoteInfo = VirtualTourist;
		};
		FB53C5761DF9895D004A4965 /* PBXContainerItemProxy */ = {
			isa = PBXContainerItemProxy;
			containerPortal = FB53C54E1DF9895D004A4965 /* Project object */;
			proxyType = 1;
			remoteGlobalIDString = FB53C5551DF9895D004A4965;
			remoteInfo = VirtualTourist;
		};
/* End PBXContainerItemProxy section */

/* Begin PBXFileReference section */
		FB53C5561DF9895D004A4965 /* VirtualTourist.app */ = {isa = PBXFileReference; explicitFileType = wrapper.application; includeInIndex = 0; path = VirtualTourist.app; sourceTree = BUILT_PRODUCTS_DIR; };
		FB53C5591DF9895D004A4965 /* AppDelegate.swift */ = {isa = PBXFileReference; lastKnownFileType = sourcecode.swift; path = AppDelegate.swift; sourceTree = "<group>"; };
		FB53C55B1DF9895D004A4965 /* ViewController.swift */ = {isa = PBXFileReference; lastKnownFileType = sourcecode.swift; path = ViewController.swift; sourceTree = "<group>"; };
		FB53C55E1DF9895D004A4965 /* Base */ = {isa = PBXFileReference; lastKnownFileType = file.storyboard; name = Base; path = Base.lproj/Main.storyboard; sourceTree = "<group>"; };
		FB53C5601DF9895D004A4965 /* Assets.xcassets */ = {isa = PBXFileReference; lastKnownFileType = folder.assetcatalog; path = Assets.xcassets; sourceTree = "<group>"; };
		FB53C5631DF9895D004A4965 /* Base */ = {isa = PBXFileReference; lastKnownFileType = file.storyboard; name = Base; path = Base.lproj/LaunchScreen.storyboard; sourceTree = "<group>"; };
		FB53C5651DF9895D004A4965 /* Info.plist */ = {isa = PBXFileReference; lastKnownFileType = text.plist.xml; path = Info.plist; sourceTree = "<group>"; };
		FB53C56A1DF9895D004A4965 /* VirtualTouristTests.xctest */ = {isa = PBXFileReference; explicitFileType = wrapper.cfbundle; includeInIndex = 0; path = VirtualTouristTests.xctest; sourceTree = BUILT_PRODUCTS_DIR; };
		FB53C56E1DF9895D004A4965 /* VirtualTouristTests.swift */ = {isa = PBXFileReference; lastKnownFileType = sourcecode.swift; path = VirtualTouristTests.swift; sourceTree = "<group>"; };
		FB53C5701DF9895D004A4965 /* Info.plist */ = {isa = PBXFileReference; lastKnownFileType = text.plist.xml; path = Info.plist; sourceTree = "<group>"; };
		FB53C5751DF9895D004A4965 /* VirtualTouristUITests.xctest */ = {isa = PBXFileReference; explicitFileType = wrapper.cfbundle; includeInIndex = 0; path = VirtualTouristUITests.xctest; sourceTree = BUILT_PRODUCTS_DIR; };
		FB53C5791DF9895D004A4965 /* VirtualTouristUITests.swift */ = {isa = PBXFileReference; lastKnownFileType = sourcecode.swift; path = VirtualTouristUITests.swift; sourceTree = "<group>"; };
		FB53C57B1DF9895D004A4965 /* Info.plist */ = {isa = PBXFileReference; lastKnownFileType = text.plist.xml; path = Info.plist; sourceTree = "<group>"; };
		FB53C58B1DF98A6B004A4965 /* CoreDataStack.swift */ = {isa = PBXFileReference; fileEncoding = 4; lastKnownFileType = sourcecode.swift; path = CoreDataStack.swift; sourceTree = "<group>"; };
/* End PBXFileReference section */

/* Begin PBXFrameworksBuildPhase section */
		FB53C5531DF9895D004A4965 /* Frameworks */ = {
			isa = PBXFrameworksBuildPhase;
			buildActionMask = 2147483647;
			files = (
			);
			runOnlyForDeploymentPostprocessing = 0;
		};
		FB53C5671DF9895D004A4965 /* Frameworks */ = {
			isa = PBXFrameworksBuildPhase;
			buildActionMask = 2147483647;
			files = (
			);
			runOnlyForDeploymentPostprocessing = 0;
		};
		FB53C5721DF9895D004A4965 /* Frameworks */ = {
			isa = PBXFrameworksBuildPhase;
			buildActionMask = 2147483647;
			files = (
			);
			runOnlyForDeploymentPostprocessing = 0;
		};
/* End PBXFrameworksBuildPhase section */

/* Begin PBXGroup section */
		FB53C54D1DF9895D004A4965 = {
			isa = PBXGroup;
			children = (
				FB53C5581DF9895D004A4965 /* VirtualTourist */,
				FB53C56D1DF9895D004A4965 /* VirtualTouristTests */,
				FB53C5781DF9895D004A4965 /* VirtualTouristUITests */,
				FB53C5571DF9895D004A4965 /* Products */,
			);
			sourceTree = "<group>";
		};
		FB53C5571DF9895D004A4965 /* Products */ = {
			isa = PBXGroup;
			children = (
				FB53C5561DF9895D004A4965 /* VirtualTourist.app */,
				FB53C56A1DF9895D004A4965 /* VirtualTouristTests.xctest */,
				FB53C5751DF9895D004A4965 /* VirtualTouristUITests.xctest */,
			);
			name = Products;
			sourceTree = "<group>";
		};
		FB53C5581DF9895D004A4965 /* VirtualTourist */ = {
			isa = PBXGroup;
			children = (
				FB53C58B1DF98A6B004A4965 /* CoreDataStack.swift */,
				FB53C5591DF9895D004A4965 /* AppDelegate.swift */,
				FB53C55B1DF9895D004A4965 /* ViewController.swift */,
				FB53C5891DF98A08004A4965 /* Controller */,
				FB53C5881DF989FF004A4965 /* View */,
				FB53C5871DF989F7004A4965 /* Model */,
				FB53C58A1DF98A24004A4965 /* Assets */,
			);
			path = VirtualTourist;
			sourceTree = "<group>";
		};
		FB53C56D1DF9895D004A4965 /* VirtualTouristTests */ = {
			isa = PBXGroup;
			children = (
				FB53C56E1DF9895D004A4965 /* VirtualTouristTests.swift */,
				FB53C5701DF9895D004A4965 /* Info.plist */,
			);
			path = VirtualTouristTests;
			sourceTree = "<group>";
		};
		FB53C5781DF9895D004A4965 /* VirtualTouristUITests */ = {
			isa = PBXGroup;
			children = (
				FB53C5791DF9895D004A4965 /* VirtualTouristUITests.swift */,
				FB53C57B1DF9895D004A4965 /* Info.plist */,
			);
			path = VirtualTouristUITests;
			sourceTree = "<group>";
		};
		FB53C5871DF989F7004A4965 /* Model */ = {
			isa = PBXGroup;
			children = (
			);
			name = Model;
			sourceTree = "<group>";
		};
		FB53C5881DF989FF004A4965 /* View */ = {
			isa = PBXGroup;
			children = (
			);
			name = View;
			sourceTree = "<group>";
		};
		FB53C5891DF98A08004A4965 /* Controller */ = {
			isa = PBXGroup;
			children = (
			);
			name = Controller;
			sourceTree = "<group>";
		};
		FB53C58A1DF98A24004A4965 /* Assets */ = {
			isa = PBXGroup;
			children = (
				FB53C55D1DF9895D004A4965 /* Main.storyboard */,
				FB53C5601DF9895D004A4965 /* Assets.xcassets */,
				FB53C5621DF9895D004A4965 /* LaunchScreen.storyboard */,
				FB53C5651DF9895D004A4965 /* Info.plist */,
			);
			name = Assets;
			sourceTree = "<group>";
		};
/* End PBXGroup section */

/* Begin PBXNativeTarget section */
		FB53C5551DF9895D004A4965 /* VirtualTourist */ = {
			isa = PBXNativeTarget;
			buildConfigurationList = FB53C57E1DF9895D004A4965 /* Build configuration list for PBXNativeTarget "VirtualTourist" */;
			buildPhases = (
				FB53C5521DF9895D004A4965 /* Sources */,
				FB53C5531DF9895D004A4965 /* Frameworks */,
				FB53C5541DF9895D004A4965 /* Resources */,
			);
			buildRules = (
			);
			dependencies = (
			);
			name = VirtualTourist;
			productName = VirtualTourist;
			productReference = FB53C5561DF9895D004A4965 /* VirtualTourist.app */;
			productType = "com.apple.product-type.application";
		};
		FB53C5691DF9895D004A4965 /* VirtualTouristTests */ = {
			isa = PBXNativeTarget;
			buildConfigurationList = FB53C5811DF9895D004A4965 /* Build configuration list for PBXNativeTarget "VirtualTouristTests" */;
			buildPhases = (
				FB53C5661DF9895D004A4965 /* Sources */,
				FB53C5671DF9895D004A4965 /* Frameworks */,
				FB53C5681DF9895D004A4965 /* Resources */,
			);
			buildRules = (
			);
			dependencies = (
				FB53C56C1DF9895D004A4965 /* PBXTargetDependency */,
			);
			name = VirtualTouristTests;
			productName = VirtualTouristTests;
			productReference = FB53C56A1DF9895D004A4965 /* VirtualTouristTests.xctest */;
			productType = "com.apple.product-type.bundle.unit-test";
		};
		FB53C5741DF9895D004A4965 /* VirtualTouristUITests */ = {
			isa = PBXNativeTarget;
			buildConfigurationList = FB53C5841DF9895D004A4965 /* Build configuration list for PBXNativeTarget "VirtualTouristUITests" */;
			buildPhases = (
				FB53C5711DF9895D004A4965 /* Sources */,
				FB53C5721DF9895D004A4965 /* Frameworks */,
				FB53C5731DF9895D004A4965 /* Resources */,
			);
			buildRules = (
			);
			dependencies = (
				FB53C5771DF9895D004A4965 /* PBXTargetDependency */,
			);
			name = VirtualTouristUITests;
			productName = VirtualTouristUITests;
			productReference = FB53C5751DF9895D004A4965 /* VirtualTouristUITests.xctest */;
			productType = "com.apple.product-type.bundle.ui-testing";
		};
/* End PBXNativeTarget section */

/* Begin PBXProject section */
		FB53C54E1DF9895D004A4965 /* Project object */ = {
			isa = PBXProject;
			attributes = {
				LastSwiftUpdateCheck = 0800;
				LastUpgradeCheck = 0800;
				ORGANIZATIONNAME = Sensehack;
				TargetAttributes = {
					FB53C5551DF9895D004A4965 = {
						CreatedOnToolsVersion = 8.0;
						ProvisioningStyle = Automatic;
					};
					FB53C5691DF9895D004A4965 = {
						CreatedOnToolsVersion = 8.0;
						ProvisioningStyle = Automatic;
						TestTargetID = FB53C5551DF9895D004A4965;
					};
					FB53C5741DF9895D004A4965 = {
						CreatedOnToolsVersion = 8.0;
						ProvisioningStyle = Automatic;
						TestTargetID = FB53C5551DF9895D004A4965;
					};
				};
			};
			buildConfigurationList = FB53C5511DF9895D004A4965 /* Build configuration list for PBXProject "VirtualTourist" */;
			compatibilityVersion = "Xcode 3.2";
			developmentRegion = English;
			hasScannedForEncodings = 0;
			knownRegions = (
				en,
				Base,
			);
			mainGroup = FB53C54D1DF9895D004A4965;
			productRefGroup = FB53C5571DF9895D004A4965 /* Products */;
			projectDirPath = "";
			projectRoot = "";
			targets = (
				FB53C5551DF9895D004A4965 /* VirtualTourist */,
				FB53C5691DF9895D004A4965 /* VirtualTouristTests */,
				FB53C5741DF9895D004A4965 /* VirtualTouristUITests */,
			);
		};
/* End PBXProject section */

/* Begin PBXResourcesBuildPhase section */
		FB53C5541DF9895D004A4965 /* Resources */ = {
			isa = PBXResourcesBuildPhase;
			buildActionMask = 2147483647;
			files = (
				FB53C5641DF9895D004A4965 /* LaunchScreen.storyboard in Resources */,
				FB53C5611DF9895D004A4965 /* Assets.xcassets in Resources */,
				FB53C55F1DF9895D004A4965 /* Main.storyboard in Resources */,
			);
			runOnlyForDeploymentPostprocessing = 0;
		};
		FB53C5681DF9895D004A4965 /* Resources */ = {
			isa = PBXResourcesBuildPhase;
			buildActionMask = 2147483647;
			files = (
			);
			runOnlyForDeploymentPostprocessing = 0;
		};
		FB53C5731DF9895D004A4965 /* Resources */ = {
			isa = PBXResourcesBuildPhase;
			buildActionMask = 2147483647;
			files = (
			);
			runOnlyForDeploymentPostprocessing = 0;
		};
/* End PBXResourcesBuildPhase section */

/* Begin PBXSourcesBuildPhase section */
		FB53C5521DF9895D004A4965 /* Sources */ = {
			isa = PBXSourcesBuildPhase;
			buildActionMask = 2147483647;
			files = (
				FB53C58C1DF98A6B004A4965 /* CoreDataStack.swift in Sources */,
				FB53C55C1DF9895D004A4965 /* ViewController.swift in Sources */,
				FB53C55A1DF9895D004A4965 /* AppDelegate.swift in Sources */,
			);
			runOnlyForDeploymentPostprocessing = 0;
		};
		FB53C5661DF9895D004A4965 /* Sources */ = {
			isa = PBXSourcesBuildPhase;
			buildActionMask = 2147483647;
			files = (
				FB53C56F1DF9895D004A4965 /* VirtualTouristTests.swift in Sources */,
			);
			runOnlyForDeploymentPostprocessing = 0;
		};
		FB53C5711DF9895D004A4965 /* Sources */ = {
			isa = PBXSourcesBuildPhase;
			buildActionMask = 2147483647;
			files = (
				FB53C57A1DF9895D004A4965 /* VirtualTouristUITests.swift in Sources */,
			);
			runOnlyForDeploymentPostprocessing = 0;
		};
/* End PBXSourcesBuildPhase section */

/* Begin PBXTargetDependency section */
		FB53C56C1DF9895D004A4965 /* PBXTargetDependency */ = {
			isa = PBXTargetDependency;
			target = FB53C5551DF9895D004A4965 /* VirtualTourist */;
			targetProxy = FB53C56B1DF9895D004A4965 /* PBXContainerItemProxy */;
		};
		FB53C5771DF9895D004A4965 /* PBXTargetDependency */ = {
			isa = PBXTargetDependency;
			target = FB53C5551DF9895D004A4965 /* VirtualTourist */;
			targetProxy = FB53C5761DF9895D004A4965 /* PBXContainerItemProxy */;
		};
/* End PBXTargetDependency section */

/* Begin PBXVariantGroup section */
		FB53C55D1DF9895D004A4965 /* Main.storyboard */ = {
			isa = PBXVariantGroup;
			children = (
				FB53C55E1DF9895D004A4965 /* Base */,
			);
			name = Main.storyboard;
			sourceTree = "<group>";
		};
		FB53C5621DF9895D004A4965 /* LaunchScreen.storyboard */ = {
			isa = PBXVariantGroup;
			children = (
				FB53C5631DF9895D004A4965 /* Base */,
			);
			name = LaunchScreen.storyboard;
			sourceTree = "<group>";
		};
/* End PBXVariantGroup section */

/* Begin XCBuildConfiguration section */
		FB53C57C1DF9895D004A4965 /* Debug */ = {
			isa = XCBuildConfiguration;
			buildSettings = {
				ALWAYS_SEARCH_USER_PATHS = NO;
				CLANG_ANALYZER_NONNULL = YES;
				CLANG_CXX_LANGUAGE_STANDARD = "gnu++0x";
				CLANG_CXX_LIBRARY = "libc++";
				CLANG_ENABLE_MODULES = YES;
				CLANG_ENABLE_OBJC_ARC = YES;
				CLANG_WARN_BOOL_CONVERSION = YES;
				CLANG_WARN_CONSTANT_CONVERSION = YES;
				CLANG_WARN_DIRECT_OBJC_ISA_USAGE = YES_ERROR;
				CLANG_WARN_DOCUMENTATION_COMMENTS = YES;
				CLANG_WARN_EMPTY_BODY = YES;
				CLANG_WARN_ENUM_CONVERSION = YES;
				CLANG_WARN_INFINITE_RECURSION = YES;
				CLANG_WARN_INT_CONVERSION = YES;
				CLANG_WARN_OBJC_ROOT_CLASS = YES_ERROR;
				CLANG_WARN_SUSPICIOUS_MOVES = YES;
				CLANG_WARN_UNREACHABLE_CODE = YES;
				CLANG_WARN__DUPLICATE_METHOD_MATCH = YES;
				"CODE_SIGN_IDENTITY[sdk=iphoneos*]" = "iPhone Developer";
				COPY_PHASE_STRIP = NO;
				DEBUG_INFORMATION_FORMAT = dwarf;
				ENABLE_STRICT_OBJC_MSGSEND = YES;
				ENABLE_TESTABILITY = YES;
				GCC_C_LANGUAGE_STANDARD = gnu99;
				GCC_DYNAMIC_NO_PIC = NO;
				GCC_NO_COMMON_BLOCKS = YES;
				GCC_OPTIMIZATION_LEVEL = 0;
				GCC_PREPROCESSOR_DEFINITIONS = (
					"DEBUG=1",
					"$(inherited)",
				);
				GCC_WARN_64_TO_32_BIT_CONVERSION = YES;
				GCC_WARN_ABOUT_RETURN_TYPE = YES_ERROR;
				GCC_WARN_UNDECLARED_SELECTOR = YES;
				GCC_WARN_UNINITIALIZED_AUTOS = YES_AGGRESSIVE;
				GCC_WARN_UNUSED_FUNCTION = YES;
				GCC_WARN_UNUSED_VARIABLE = YES;
				IPHONEOS_DEPLOYMENT_TARGET = 10.0;
				MTL_ENABLE_DEBUG_INFO = YES;
				ONLY_ACTIVE_ARCH = YES;
				SDKROOT = iphoneos;
				SWIFT_ACTIVE_COMPILATION_CONDITIONS = DEBUG;
				SWIFT_OPTIMIZATION_LEVEL = "-Onone";
			};
			name = Debug;
		};
		FB53C57D1DF9895D004A4965 /* Release */ = {
			isa = XCBuildConfiguration;
			buildSettings = {
				ALWAYS_SEARCH_USER_PATHS = NO;
				CLANG_ANALYZER_NONNULL = YES;
				CLANG_CXX_LANGUAGE_STANDARD = "gnu++0x";
				CLANG_CXX_LIBRARY = "libc++";
				CLANG_ENABLE_MODULES = YES;
				CLANG_ENABLE_OBJC_ARC = YES;
				CLANG_WARN_BOOL_CONVERSION = YES;
				CLANG_WARN_CONSTANT_CONVERSION = YES;
				CLANG_WARN_DIRECT_OBJC_ISA_USAGE = YES_ERROR;
				CLANG_WARN_DOCUMENTATION_COMMENTS = YES;
				CLANG_WARN_EMPTY_BODY = YES;
				CLANG_WARN_ENUM_CONVERSION = YES;
				CLANG_WARN_INFINITE_RECURSION = YES;
				CLANG_WARN_INT_CONVERSION = YES;
				CLANG_WARN_OBJC_ROOT_CLASS = YES_ERROR;
				CLANG_WARN_SUSPICIOUS_MOVES = YES;
				CLANG_WARN_UNREACHABLE_CODE = YES;
				CLANG_WARN__DUPLICATE_METHOD_MATCH = YES;
				"CODE_SIGN_IDENTITY[sdk=iphoneos*]" = "iPhone Developer";
				COPY_PHASE_STRIP = NO;
				DEBUG_INFORMATION_FORMAT = "dwarf-with-dsym";
				ENABLE_NS_ASSERTIONS = NO;
				ENABLE_STRICT_OBJC_MSGSEND = YES;
				GCC_C_LANGUAGE_STANDARD = gnu99;
				GCC_NO_COMMON_BLOCKS = YES;
				GCC_WARN_64_TO_32_BIT_CONVERSION = YES;
				GCC_WARN_ABOUT_RETURN_TYPE = YES_ERROR;
				GCC_WARN_UNDECLARED_SELECTOR = YES;
				GCC_WARN_UNINITIALIZED_AUTOS = YES_AGGRESSIVE;
				GCC_WARN_UNUSED_FUNCTION = YES;
				GCC_WARN_UNUSED_VARIABLE = YES;
				IPHONEOS_DEPLOYMENT_TARGET = 10.0;
				MTL_ENABLE_DEBUG_INFO = NO;
				SDKROOT = iphoneos;
				SWIFT_OPTIMIZATION_LEVEL = "-Owholemodule";
				VALIDATE_PRODUCT = YES;
			};
			name = Release;
		};
		FB53C57F1DF9895D004A4965 /* Debug */ = {
			isa = XCBuildConfiguration;
			buildSettings = {
				ASSETCATALOG_COMPILER_APPICON_NAME = AppIcon;
				INFOPLIST_FILE = VirtualTourist/Info.plist;
				LD_RUNPATH_SEARCH_PATHS = "$(inherited) @executable_path/Frameworks";
				PRODUCT_BUNDLE_IDENTIFIER = kautilyasave.VirtualTourist;
				PRODUCT_NAME = "$(TARGET_NAME)";
				SWIFT_VERSION = 3.0;
			};
			name = Debug;
		};
		FB53C5801DF9895D004A4965 /* Release */ = {
			isa = XCBuildConfiguration;
			buildSettings = {
				ASSETCATALOG_COMPILER_APPICON_NAME = AppIcon;
				INFOPLIST_FILE = VirtualTourist/Info.plist;
				LD_RUNPATH_SEARCH_PATHS = "$(inherited) @executable_path/Frameworks";
				PRODUCT_BUNDLE_IDENTIFIER = kautilyasave.VirtualTourist;
				PRODUCT_NAME = "$(TARGET_NAME)";
				SWIFT_VERSION = 3.0;
			};
			name = Release;
		};
		FB53C5821DF9895D004A4965 /* Debug */ = {
			isa = XCBuildConfiguration;
			buildSettings = {
				ALWAYS_EMBED_SWIFT_STANDARD_LIBRARIES = YES;
				BUNDLE_LOADER = "$(TEST_HOST)";
				INFOPLIST_FILE = VirtualTouristTests/Info.plist;
				LD_RUNPATH_SEARCH_PATHS = "$(inherited) @executable_path/Frameworks @loader_path/Frameworks";
				PRODUCT_BUNDLE_IDENTIFIER = kautilyasave.VirtualTouristTests;
				PRODUCT_NAME = "$(TARGET_NAME)";
				SWIFT_VERSION = 3.0;
				TEST_HOST = "$(BUILT_PRODUCTS_DIR)/VirtualTourist.app/VirtualTourist";
			};
			name = Debug;
		};
		FB53C5831DF9895D004A4965 /* Release */ = {
			isa = XCBuildConfiguration;
			buildSettings = {
				ALWAYS_EMBED_SWIFT_STANDARD_LIBRARIES = YES;
				BUNDLE_LOADER = "$(TEST_HOST)";
				INFOPLIST_FILE = VirtualTouristTests/Info.plist;
				LD_RUNPATH_SEARCH_PATHS = "$(inherited) @executable_path/Frameworks @loader_path/Frameworks";
				PRODUCT_BUNDLE_IDENTIFIER = kautilyasave.VirtualTouristTests;
				PRODUCT_NAME = "$(TARGET_NAME)";
				SWIFT_VERSION = 3.0;
				TEST_HOST = "$(BUILT_PRODUCTS_DIR)/VirtualTourist.app/VirtualTourist";
			};
			name = Release;
		};
		FB53C5851DF9895D004A4965 /* Debug */ = {
			isa = XCBuildConfiguration;
			buildSettings = {
				ALWAYS_EMBED_SWIFT_STANDARD_LIBRARIES = YES;
				INFOPLIST_FILE = VirtualTouristUITests/Info.plist;
				LD_RUNPATH_SEARCH_PATHS = "$(inherited) @executable_path/Frameworks @loader_path/Frameworks";
				PRODUCT_BUNDLE_IDENTIFIER = kautilyasave.VirtualTouristUITests;
				PRODUCT_NAME = "$(TARGET_NAME)";
				SWIFT_VERSION = 3.0;
				TEST_TARGET_NAME = VirtualTourist;
			};
			name = Debug;
		};
		FB53C5861DF9895D004A4965 /* Release */ = {
			isa = XCBuildConfiguration;
			buildSettings = {
				ALWAYS_EMBED_SWIFT_STANDARD_LIBRARIES = YES;
				INFOPLIST_FILE = VirtualTouristUITests/Info.plist;
				LD_RUNPATH_SEARCH_PATHS = "$(inherited) @executable_path/Frameworks @loader_path/Frameworks";
				PRODUCT_BUNDLE_IDENTIFIER = kautilyasave.VirtualTouristUITests;
				PRODUCT_NAME = "$(TARGET_NAME)";
				SWIFT_VERSION = 3.0;
				TEST_TARGET_NAME = VirtualTourist;
			};
			name = Release;
		};
/* End XCBuildConfiguration section */

/* Begin XCConfigurationList section */
		FB53C5511DF9895D004A4965 /* Build configuration list for PBXProject "VirtualTourist" */ = {
			isa = XCConfigurationList;
			buildConfigurations = (
				FB53C57C1DF9895D004A4965 /* Debug */,
				FB53C57D1DF9895D004A4965 /* Release */,
			);
			defaultConfigurationIsVisible = 0;
			defaultConfigurationName = Release;
		};
		FB53C57E1DF9895D004A4965 /* Build configuration list for PBXNativeTarget "VirtualTourist" */ = {
			isa = XCConfigurationList;
			buildConfigurations = (
				FB53C57F1DF9895D004A4965 /* Debug */,
				FB53C5801DF9895D004A4965 /* Release */,
			);
			defaultConfigurationIsVisible = 0;
		};
		FB53C5811DF9895D004A4965 /* Build configuration list for PBXNativeTarget "VirtualTouristTests" */ = {
			isa = XCConfigurationList;
			buildConfigurations = (
				FB53C5821DF9895D004A4965 /* Debug */,
				FB53C5831DF9895D004A4965 /* Release */,
			);
			defaultConfigurationIsVisible = 0;
		};
		FB53C5841DF9895D004A4965 /* Build configuration list for PBXNativeTarget "VirtualTouristUITests" */ = {
			isa = XCConfigurationList;
			buildConfigurations = (
				FB53C5851DF9895D004A4965 /* Debug */,
				FB53C5861DF9895D004A4965 /* Release */,
			);
			defaultConfigurationIsVisible = 0;
		};
/* End XCConfigurationList section */
	};
	rootObject = FB53C54E1DF9895D004A4965 /* Project object */;
}
